{
  "name": "CloudChasers",
  "lockfileVersion": 3,
  "requires": true,
  "packages": {
    "": {
      "dependencies": {
        "@react-native-community/slider": "^4.5.0"
      }
    },
    "node_modules/@react-native-community/slider": {
      "version": "4.5.0",
      "resolved": "https://registry.npmjs.org/@react-native-community/slider/-/slider-4.5.0.tgz",
      "integrity": "sha512-pyUvNTvu5IfCI5abzqRfO/dd3A009RC66RXZE6t0gyOwI/j0QDlq9VZRv3rjkpuIvNTnsYj+m5BHlh0DkSYUyA=="
    }
  }
}
